github.com/go-telegram/bot v1.27.0 h1:PG9yBDzM8O26oUerE9SZwWlHon4RpH8WcNslZ7CEZmE=
github.com/go-telegram/bot v1.27.0/go.mod h1:i2TRs7fXWIeaceF3z7KzsMt/he0TwkVC680mvdTFYeM=
golang.org/x/sys v0.48.0 h1:bbX/i/6MgT9BVLM9RT1thmxL04yeTAhbEz4SyadbXoo=
golang.org/x/sys v0.48.0/go.mod h1:hNLxWAXmnKAxqDtdwIYC4bM9oQPEecfsnNMuSxOs3og=
golang.org/x/term v0.46.0 h1:3+OXuTbaKDgwk8jTi3aSLHRlmWqHEUDUtxnbFigO4YE=
golang.org/x/term v0.46.0/go.mod h1:+K02xbkittuwc0Am4abfA3Fc+XRGXkvBXNO88NCXPoc=
